
Microsoft Visual Studio Solution File, Format Version 12.00
# Visual Studio Version 16
VisualStudioVersion = 16.0.30503.244
MinimumVisualStudioVersion = 10.0.40219.1
Project("{FAE04EC0-301F-11D3-BF4B-00C04F79EFBC}") = "NetCore.Identity.DapperExample", "NetCore.Identity.DapperExample\NetCore.Identity.DapperExample.csproj", "{B12F1506-F677-43BF-AE81-136759F42DB0}"
EndProject
Global
	GlobalSection(SolutionConfigurationPlatforms) = preSolution
		Debug|Any CPU = Debug|Any CPU
		Release|Any CPU = Release|Any CPU
	EndGlobalSection
	GlobalSection(ProjectConfigurationPlatforms) = postSolution
		{B12F1506-F677-43BF-AE81-136759F42DB0}.Debug|Any CPU.ActiveCfg = Debug|Any CPU
		{B12F1506-F677-43BF-AE81-136759F42DB0}.Debug|Any CPU.Build.0 = Debug|Any CPU
		{B12F1506-F677-43BF-AE81-136759F42DB0}.Release|Any CPU.ActiveCfg = Release|Any CPU
		{B12F1506-F677-43BF-AE81-136759F42DB0}.Release|Any CPU.Build.0 = Release|Any CPU
	EndGlobalSection
	GlobalSection(SolutionProperties) = preSolution
		HideSolutionNode = FALSE
	EndGlobalSection
	GlobalSection(ExtensibilityGlobals) = postSolution
		SolutionGuid = {1EE40E13-BFE6-4181-AC55-5FEA06C80D1C}
	EndGlobalSection
EndGlobal
